
Microsoft Visual Studio Solution File, Format Version 12.00
# Visual Studio Version 17
VisualStudioVersion = 17.11.35327.3
MinimumVisualStudioVersion = 10.0.40219.1
Project("{54A90642-561A-4BB1-A94E-469ADEE60C69}") = "client", "client\client.esproj", "{975DD5FF-9532-4DB0-A90A-AACE38C127EC}"
EndProject
Project("{9A19103F-16F7-4668-BE54-9A1E7A4F7556}") = "api", "api\api.csproj", "{429BAEBD-C1D3-49D9-A7D3-70DB86906343}"
EndProject
Project("{2150E333-8FDC-42A3-9474-1A3956D46DE8}") = "Solution Items", "Solution Items", "{01245E1E-A54B-467A-B6F1-C10624FE110E}"
	ProjectSection(SolutionItems) = preProject
		.editorconfig = .editorconfig
	EndProjectSection
EndProject
Global
	GlobalSection(SolutionConfigurationPlatforms) = preSolution
		Debug|Any CPU = Debug|Any CPU
		Release|Any CPU = Release|Any CPU
	EndGlobalSection
	GlobalSection(ProjectConfigurationPlatforms) = postSolution
		{975DD5FF-9532-4DB0-A90A-AACE38C127EC}.Debug|Any CPU.ActiveCfg = Debug|Any CPU
		{975DD5FF-9532-4DB0-A90A-AACE38C127EC}.Debug|Any CPU.Build.0 = Debug|Any CPU
		{975DD5FF-9532-4DB0-A90A-AACE38C127EC}.Debug|Any CPU.Deploy.0 = Debug|Any CPU
		{975DD5FF-9532-4DB0-A90A-AACE38C127EC}.Release|Any CPU.ActiveCfg = Release|Any CPU
		{975DD5FF-9532-4DB0-A90A-AACE38C127EC}.Release|Any CPU.Build.0 = Release|Any CPU
		{975DD5FF-9532-4DB0-A90A-AACE38C127EC}.Release|Any CPU.Deploy.0 = Release|Any CPU
		{429BAEBD-C1D3-49D9-A7D3-70DB86906343}.Debug|Any CPU.ActiveCfg = Debug|Any CPU
		{429BAEBD-C1D3-49D9-A7D3-70DB86906343}.Debug|Any CPU.Build.0 = Debug|Any CPU
		{429BAEBD-C1D3-49D9-A7D3-70DB86906343}.Release|Any CPU.ActiveCfg = Release|Any CPU
		{429BAEBD-C1D3-49D9-A7D3-70DB86906343}.Release|Any CPU.Build.0 = Release|Any CPU
	EndGlobalSection
	GlobalSection(SolutionProperties) = preSolution
		HideSolutionNode = FALSE
	EndGlobalSection
	GlobalSection(ExtensibilityGlobals) = postSolution
		SolutionGuid = {F60E9801-7926-4133-AAEE-C68D4D2E4D9B}
	EndGlobalSection
EndGlobal
